version = 1
revision = 2
requires-python = ">=3.13"

[[package]]
name = "data"
version = "0.1.0"
source = { virtual = "." }
dependencies = [
    { name = "polars" },
]

[package.metadata]
requires-dist = [{ name = "polars", specifier = ">=1.33.0" }]

[[package]]
name = "polars"
version = "1.33.0"
source = { registry = "https://pypi.org/simple" }
sdist = { url = "https://files.pythonhosted.org/packages/b6/3f/d8bc150b548a486f2559586ec6455c2566b9d2fb7ee1acae90ddca14eec1/polars-1.33.0.tar.gz", hash = "sha256:50ad2ab96c701be2c6ac9b584d9aa6a385f228f6c06de15b88c5d10df7990d56", size = 4811393, upload-time = "2025-09-01T16:32:46.106Z" }
wheels = [
    { url = "https://files.pythonhosted.org/packages/23/8c/0c4ac34030348ed547b27db0ae7d77ccd12dc4008e91c4f8e896c3161ed8/polars-1.33.0-cp39-abi3-macosx_10_12_x86_64.whl", hash = "sha256:664ef1c0988e4098518c6acfdd5477f2e11611f4ac8a269db55b94ea4978d0e5", size = 38793275, upload-time = "2025-09-01T16:31:51.038Z" },
    { url = "https://files.pythonhosted.org/packages/95/2a/87e27ef3cb76e54f92dd177b9f4c80329d66e78f51ed968e9bdf452ccfb1/polars-1.33.0-cp39-abi3-macosx_11_0_arm64.whl", hash = "sha256:2477b720c466914549f0f2cfc69f617a602d91e9d90205b64d795ed1ecf99b3c", size = 35238137, upload-time = "2025-09-01T16:31:55.179Z" },
    { url = "https://files.pythonhosted.org/packages/f2/e2/485c87047e8aaae8dae4e9881517697616b7f79b14132961fbccfc386b29/polars-1.33.0-cp39-abi3-manylinux_2_17_x86_64.manylinux2014_x86_64.whl", hash = "sha256:bd9b76abc22fdb20a005c629ee8c056b0545433f18854b929fb54e351d1b98ee", size = 39341268, upload-time = "2025-09-01T16:31:58.269Z" },
    { url = "https://files.pythonhosted.org/packages/b9/3a/39d784ed547832eb6cbe86cc7f3a6353fa977803e0cec743dd5932ecf50b/polars-1.33.0-cp39-abi3-manylinux_2_24_aarch64.whl", hash = "sha256:6e78026c2ece38c45c6ee0416e2594980652d89deee13a15bd9f83743ec8fa8d", size = 36262606, upload-time = "2025-09-01T16:32:01.981Z" },
    { url = "https://files.pythonhosted.org/packages/94/1b/4aea12acf2301f4d7fe78b9f4b54611ec2187439fa299e986974cfd956f2/polars-1.33.0-cp39-abi3-win_amd64.whl", hash = "sha256:7973568178117667871455d7969c1929abb890597964ca89290bfd89e4366980", size = 38919180, upload-time = "2025-09-01T16:32:05.087Z" },
    { url = "https://files.pythonhosted.org/packages/58/13/824a81b43199202fc859c24515cd5b227930d6dce0dea488e4b415edbaba/polars-1.33.0-cp39-abi3-win_arm64.whl", hash = "sha256:c7d614644eda028907965f8203ac54b9a4f5b90303de2723bf1c1087433a0914", size = 35033820, upload-time = "2025-09-01T16:32:08.116Z" },
]
