# This file was autogenerated by uv via the following command:
#    uv pip compile pyproject.toml -o uv.lock
annotated-types==0.7.0
    # via pydantic
cffi==1.17.1
    # via cryptography
charset-normalizer==3.4.2
    # via pdfminer-six
colour==0.1.5
    # via natural-pdf (pyproject.toml)
cryptography==44.0.3
    # via pdfminer-six
deprecated==1.2.18
    # via pikepdf
jenkspy==0.4.1
    # via natural-pdf (pyproject.toml)
lxml==5.4.0
    # via pikepdf
numpy==2.2.5
    # via
    #   natural-pdf (pyproject.toml)
    #   jenkspy
packaging==25.0
    # via pikepdf
pdfminer-six==20250327
    # via pdfplumber
pdfplumber==0.11.6
    # via natural-pdf (pyproject.toml)
pikepdf==9.7.0
    # via natural-pdf (pyproject.toml)
pillow==11.2.1
    # via
    #   natural-pdf (pyproject.toml)
    #   pdfplumber
    #   pikepdf
pycparser==2.22
    # via cffi
pydantic==2.11.4
    # via natural-pdf (pyproject.toml)
pydantic-core==2.33.2
    # via pydantic
pypdfium2==4.30.1
    # via pdfplumber
tqdm==4.67.1
    # via natural-pdf (pyproject.toml)
typing-extensions==4.13.2
    # via
    #   pydantic
    #   pydantic-core
    #   typing-inspection
typing-inspection==0.4.0
    # via pydantic
urllib3==2.4.0
    # via natural-pdf (pyproject.toml)
wrapt==1.17.2
    # via deprecated
